
Microsoft Visual Studio Solution File, Format Version 12.00
# Visual Studio Version 16
VisualStudioVersion = 16.0.30114.105
MinimumVisualStudioVersion = 10.0.40219.1
Project("{FAE04EC0-301F-11D3-BF4B-00C04F79EFBC}") = "API", "API\API.csproj", "{B103086B-EA4A-44F1-8995-F4805ECC39CE}"
EndProject
Global
	GlobalSection(SolutionConfigurationPlatforms) = preSolution
		Debug|Any CPU = Debug|Any CPU
		Release|Any CPU = Release|Any CPU
	EndGlobalSection
	GlobalSection(SolutionProperties) = preSolution
		HideSolutionNode = FALSE
	EndGlobalSection
	GlobalSection(ProjectConfigurationPlatforms) = postSolution
		{B103086B-EA4A-44F1-8995-F4805ECC39CE}.Debug|Any CPU.ActiveCfg = Debug|Any CPU
		{B103086B-EA4A-44F1-8995-F4805ECC39CE}.Debug|Any CPU.Build.0 = Debug|Any CPU
		{B103086B-EA4A-44F1-8995-F4805ECC39CE}.Release|Any CPU.ActiveCfg = Release|Any CPU
		{B103086B-EA4A-44F1-8995-F4805ECC39CE}.Release|Any CPU.Build.0 = Release|Any CPU
	EndGlobalSection
EndGlobal
